
Microsoft Visual Studio Solution File, Format Version 12.00
# Visual Studio Version 16
VisualStudioVersion = 16.0.29123.88
MinimumVisualStudioVersion = 10.0.40219.1
Project("{FAE04EC0-301F-11D3-BF4B-00C04F79EFBC}") = "BlobStorageZipArchive", "BlobStorageZipArchive\BlobStorageZipArchive.csproj", "{ECE56EC6-4BF6-45C7-82E9-D86A14A60E3E}"
EndProject
Global
	GlobalSection(SolutionConfigurationPlatforms) = preSolution
		Debug|Any CPU = Debug|Any CPU
		Release|Any CPU = Release|Any CPU
	EndGlobalSection
	GlobalSection(ProjectConfigurationPlatforms) = postSolution
		{ECE56EC6-4BF6-45C7-82E9-D86A14A60E3E}.Debug|Any CPU.ActiveCfg = Debug|Any CPU
		{ECE56EC6-4BF6-45C7-82E9-D86A14A60E3E}.Debug|Any CPU.Build.0 = Debug|Any CPU
		{ECE56EC6-4BF6-45C7-82E9-D86A14A60E3E}.Release|Any CPU.ActiveCfg = Release|Any CPU
		{ECE56EC6-4BF6-45C7-82E9-D86A14A60E3E}.Release|Any CPU.Build.0 = Release|Any CPU
	EndGlobalSection
	GlobalSection(SolutionProperties) = preSolution
		HideSolutionNode = FALSE
	EndGlobalSection
	GlobalSection(ExtensibilityGlobals) = postSolution
		SolutionGuid = {2AB5109B-EF2E-48F4-BE1D-6FA4EC3FEC69}
	EndGlobalSection
EndGlobal
